
Microsoft Visual Studio Solution File, Format Version 12.00
# Visual Studio Version 16
VisualStudioVersion = 16.0.30503.244
MinimumVisualStudioVersion = 10.0.40219.1
Project("{2150E333-8FDC-42A3-9474-1A3956D46DE8}") = "DataExchange", "DataExchange", "{8806BBF5-1710-4F1D-91E5-010FF0932D8B}"
EndProject
Project("{2150E333-8FDC-42A3-9474-1A3956D46DE8}") = "Feature", "Feature", "{6E4ECC9B-FCF4-4128-97E0-A01B35EA616D}"
EndProject
Project("{2150E333-8FDC-42A3-9474-1A3956D46DE8}") = "Foundation", "Foundation", "{09178B08-696E-4CB3-9C0C-2F722C3D12D3}"
EndProject
Project("{2150E333-8FDC-42A3-9474-1A3956D46DE8}") = "Project", "Project", "{13475B3E-CD39-40B9-9D39-2E4E94809154}"
EndProject
Project("{2150E333-8FDC-42A3-9474-1A3956D46DE8}") = "DataExchange", "DataExchange", "{DCF949A9-E141-4DF2-B19B-E889727FF8EF}"
EndProject
Project("{2150E333-8FDC-42A3-9474-1A3956D46DE8}") = "News", "News", "{9581AB1E-4FD4-4A9B-8BDF-820A01CE5658}"
EndProject
Project("{9A19103F-16F7-4668-BE54-9A1E7A4F7556}") = "DataExchange.Providers.RESTful", "src\DataExchange\Providers.RESTful\website\DataExchange.Providers.RESTful.csproj", "{63B14EF8-9725-4D58-9F87-E8D4B128DBD5}"
EndProject
Project("{9A19103F-16F7-4668-BE54-9A1E7A4F7556}") = "DataExchange.Providers.RESTful.Local", "src\DataExchange\Providers.RESTful.Local\website\DataExchange.Providers.RESTful.Local.csproj", "{33DDCDCA-7E88-4B2F-99FB-991AFEA948E1}"
EndProject
Global
	GlobalSection(SolutionConfigurationPlatforms) = preSolution
		Debug|Any CPU = Debug|Any CPU
		Release|Any CPU = Release|Any CPU
	EndGlobalSection
	GlobalSection(ProjectConfigurationPlatforms) = postSolution
		{63B14EF8-9725-4D58-9F87-E8D4B128DBD5}.Debug|Any CPU.ActiveCfg = Debug|Any CPU
		{63B14EF8-9725-4D58-9F87-E8D4B128DBD5}.Debug|Any CPU.Build.0 = Debug|Any CPU
		{63B14EF8-9725-4D58-9F87-E8D4B128DBD5}.Release|Any CPU.ActiveCfg = Release|Any CPU
		{63B14EF8-9725-4D58-9F87-E8D4B128DBD5}.Release|Any CPU.Build.0 = Release|Any CPU
		{33DDCDCA-7E88-4B2F-99FB-991AFEA948E1}.Debug|Any CPU.ActiveCfg = Debug|Any CPU
		{33DDCDCA-7E88-4B2F-99FB-991AFEA948E1}.Debug|Any CPU.Build.0 = Debug|Any CPU
		{33DDCDCA-7E88-4B2F-99FB-991AFEA948E1}.Release|Any CPU.ActiveCfg = Release|Any CPU
		{33DDCDCA-7E88-4B2F-99FB-991AFEA948E1}.Release|Any CPU.Build.0 = Release|Any CPU
	EndGlobalSection
	GlobalSection(SolutionProperties) = preSolution
		HideSolutionNode = FALSE
	EndGlobalSection
	GlobalSection(NestedProjects) = preSolution
		{DCF949A9-E141-4DF2-B19B-E889727FF8EF} = {6E4ECC9B-FCF4-4128-97E0-A01B35EA616D}
		{9581AB1E-4FD4-4A9B-8BDF-820A01CE5658} = {DCF949A9-E141-4DF2-B19B-E889727FF8EF}
		{63B14EF8-9725-4D58-9F87-E8D4B128DBD5} = {8806BBF5-1710-4F1D-91E5-010FF0932D8B}
		{33DDCDCA-7E88-4B2F-99FB-991AFEA948E1} = {8806BBF5-1710-4F1D-91E5-010FF0932D8B}
	EndGlobalSection
	GlobalSection(ExtensibilityGlobals) = postSolution
		SolutionGuid = {85FDF83C-A37A-4481-AE46-436A4AF169DB}
	EndGlobalSection
EndGlobal
